
Microsoft Visual Studio Solution File, Format Version 12.00
# Visual Studio Version 16
VisualStudioVersion = 16.0.29709.97
MinimumVisualStudioVersion = 10.0.40219.1
Project("{FAE04EC0-301F-11D3-BF4B-00C04F79EFBC}") = "LPManager", "LPManager.csproj", "{178C0D0E-2215-417B-98E0-970EAD983499}"
EndProject
Project("{FAE04EC0-301F-11D3-BF4B-00C04F79EFBC}") = "LPManager.Controllers", "..\Manager.Controllers\LPManager.Controllers.csproj", "{249EADBB-CD2D-4761-A5A8-69EFF41B0251}"
EndProject
Project("{FAE04EC0-301F-11D3-BF4B-00C04F79EFBC}") = "LPManager.Models", "..\LPManager.Models\LPManager.Models.csproj", "{1EA6A742-FE10-4E38-9D11-18B852109472}"
EndProject
Project("{FAE04EC0-301F-11D3-BF4B-00C04F79EFBC}") = "LPManager.Data", "..\LPManager.Data\LPManager.Data.csproj", "{8218CE84-E951-4AFE-BAAF-4340891C040C}"
EndProject
Project("{FAE04EC0-301F-11D3-BF4B-00C04F79EFBC}") = "LPManager.View", "..\LPManager.View\LPManager.View.csproj", "{58B32238-D0DD-4725-97D2-CFBE32C51032}"
EndProject
Global
	GlobalSection(SolutionConfigurationPlatforms) = preSolution
		Debug|Any CPU = Debug|Any CPU
		Release|Any CPU = Release|Any CPU
	EndGlobalSection
	GlobalSection(ProjectConfigurationPlatforms) = postSolution
		{178C0D0E-2215-417B-98E0-970EAD983499}.Debug|Any CPU.ActiveCfg = Debug|Any CPU
		{178C0D0E-2215-417B-98E0-970EAD983499}.Debug|Any CPU.Build.0 = Debug|Any CPU
		{178C0D0E-2215-417B-98E0-970EAD983499}.Release|Any CPU.ActiveCfg = Release|Any CPU
		{178C0D0E-2215-417B-98E0-970EAD983499}.Release|Any CPU.Build.0 = Release|Any CPU
		{249EADBB-CD2D-4761-A5A8-69EFF41B0251}.Debug|Any CPU.ActiveCfg = Debug|Any CPU
		{249EADBB-CD2D-4761-A5A8-69EFF41B0251}.Debug|Any CPU.Build.0 = Debug|Any CPU
		{249EADBB-CD2D-4761-A5A8-69EFF41B0251}.Release|Any CPU.ActiveCfg = Release|Any CPU
		{249EADBB-CD2D-4761-A5A8-69EFF41B0251}.Release|Any CPU.Build.0 = Release|Any CPU
		{1EA6A742-FE10-4E38-9D11-18B852109472}.Debug|Any CPU.ActiveCfg = Debug|Any CPU
		{1EA6A742-FE10-4E38-9D11-18B852109472}.Debug|Any CPU.Build.0 = Debug|Any CPU
		{1EA6A742-FE10-4E38-9D11-18B852109472}.Release|Any CPU.ActiveCfg = Release|Any CPU
		{1EA6A742-FE10-4E38-9D11-18B852109472}.Release|Any CPU.Build.0 = Release|Any CPU
		{8218CE84-E951-4AFE-BAAF-4340891C040C}.Debug|Any CPU.ActiveCfg = Debug|Any CPU
		{8218CE84-E951-4AFE-BAAF-4340891C040C}.Debug|Any CPU.Build.0 = Debug|Any CPU
		{8218CE84-E951-4AFE-BAAF-4340891C040C}.Release|Any CPU.ActiveCfg = Release|Any CPU
		{8218CE84-E951-4AFE-BAAF-4340891C040C}.Release|Any CPU.Build.0 = Release|Any CPU
		{58B32238-D0DD-4725-97D2-CFBE32C51032}.Debug|Any CPU.ActiveCfg = Debug|Any CPU
		{58B32238-D0DD-4725-97D2-CFBE32C51032}.Debug|Any CPU.Build.0 = Debug|Any CPU
		{58B32238-D0DD-4725-97D2-CFBE32C51032}.Release|Any CPU.ActiveCfg = Release|Any CPU
		{58B32238-D0DD-4725-97D2-CFBE32C51032}.Release|Any CPU.Build.0 = Release|Any CPU
	EndGlobalSection
	GlobalSection(SolutionProperties) = preSolution
		HideSolutionNode = FALSE
	EndGlobalSection
	GlobalSection(ExtensibilityGlobals) = postSolution
		SolutionGuid = {D9142B39-AB6E-4F29-A7D6-F1DAE9DCF7AF}
	EndGlobalSection
EndGlobal
